// !$*UTF8*$!
{
	archiveVersion = 1;
	classes = {
	};
	objectVersion = 50;
	objects = {

/* Begin PBXBuildFile section */
		AD39CCE120D74469004C594A /* AppDelegate.swift in Sources */ = {isa = PBXBuildFile; fileRef = AD39CCE020D74469004C594A /* AppDelegate.swift */; };
		AD39CCE320D74469004C594A /* ViewController.swift in Sources */ = {isa = PBXBuildFile; fileRef = AD39CCE220D74469004C594A /* ViewController.swift */; };
		AD39CCE620D74469004C594A /* Main.storyboard in Resources */ = {isa = PBXBuildFile; fileRef = AD39CCE420D74469004C594A /* Main.storyboard */; };
		AD39CCE820D7446B004C594A /* Assets.xcassets in Resources */ = {isa = PBXBuildFile; fileRef = AD39CCE720D7446B004C594A /* Assets.xcassets */; };
		AD39CCEB20D7446B004C594A /* LaunchScreen.storyboard in Resources */ = {isa = PBXBuildFile; fileRef = AD39CCE920D7446B004C594A /* LaunchScreen.storyboard */; };
		AD39CCF820D7473A004C594A /* ACTabBarController.swift in Sources */ = {isa = PBXBuildFile; fileRef = AD39CCF720D7473A004C594A /* ACTabBarController.swift */; };
		AD39CCFA20D747D6004C594A /* ShoppingCart.storyboard in Resources */ = {isa = PBXBuildFile; fileRef = AD39CCF920D747D6004C594A /* ShoppingCart.storyboard */; };
		AD39CCFC20D747E9004C594A /* OrderList.storyboard in Resources */ = {isa = PBXBuildFile; fileRef = AD39CCFB20D747E9004C594A /* OrderList.storyboard */; };
		AD39CD0020D7485B004C594A /* ShoppingCartViewController.swift in Sources */ = {isa = PBXBuildFile; fileRef = AD39CCFF20D7485B004C594A /* ShoppingCartViewController.swift */; };
		AD39CD0220D74874004C594A /* OrderListViewController.swift in Sources */ = {isa = PBXBuildFile; fileRef = AD39CD0120D74874004C594A /* OrderListViewController.swift */; };
		AD39CD0620D74D2A004C594A /* StackItemView.xib in Resources */ = {isa = PBXBuildFile; fileRef = AD39CD0520D74D2A004C594A /* StackItemView.xib */; };
		AD39CD0820D74D58004C594A /* StackItemView.swift in Sources */ = {isa = PBXBuildFile; fileRef = AD39CD0720D74D58004C594A /* StackItemView.swift */; };
		AD39CD0A20D75230004C594A /* StackItemViewController.swift in Sources */ = {isa = PBXBuildFile; fileRef = AD39CD0920D75230004C594A /* StackItemViewController.swift */; };
		AD39CD0D20D754E9004C594A /* FirebaseManager.swift in Sources */ = {isa = PBXBuildFile; fileRef = AD39CD0C20D754E9004C594A /* FirebaseManager.swift */; };
		AD39CD0F20D75737004C594A /* FirebaseModel.swift in Sources */ = {isa = PBXBuildFile; fileRef = AD39CD0E20D75737004C594A /* FirebaseModel.swift */; };
		AD39CD1120D758AE004C594A /* GoogleService-Info.plist in Resources */ = {isa = PBXBuildFile; fileRef = AD39CD1020D758AE004C594A /* GoogleService-Info.plist */; };
		AD39CD1520D7691E004C594A /* OrderItemTableViewCell.swift in Sources */ = {isa = PBXBuildFile; fileRef = AD39CD1320D7691E004C594A /* OrderItemTableViewCell.swift */; };
		AD39CD1620D7691E004C594A /* OrderItemTableViewCell.xib in Resources */ = {isa = PBXBuildFile; fileRef = AD39CD1420D7691E004C594A /* OrderItemTableViewCell.xib */; };
		AD39CD1920D76F96004C594A /* ACTableViewController.swift in Sources */ = {isa = PBXBuildFile; fileRef = AD39CD1820D76F96004C594A /* ACTableViewController.swift */; };
		AD39CD1B20D77011004C594A /* ACTableViewCellEnum.swift in Sources */ = {isa = PBXBuildFile; fileRef = AD39CD1A20D77011004C594A /* ACTableViewCellEnum.swift */; };
		AD39CD1E20D77B5F004C594A /* OrderItemsModelManager.swift in Sources */ = {isa = PBXBuildFile; fileRef = AD39CD1D20D77B5F004C594A /* OrderItemsModelManager.swift */; };
		AD39CD2320D781DF004C594A /* OrderListTableViewCell.swift in Sources */ = {isa = PBXBuildFile; fileRef = AD39CD2120D781DF004C594A /* OrderListTableViewCell.swift */; };
		AD39CD2420D781DF004C594A /* OrderListTableViewCell.xib in Resources */ = {isa = PBXBuildFile; fileRef = AD39CD2220D781DF004C594A /* OrderListTableViewCell.xib */; };
		AD39CD2720D78A0B004C594A /* CalculatedOrderModel.swift in Sources */ = {isa = PBXBuildFile; fileRef = AD39CD2620D78A0B004C594A /* CalculatedOrderModel.swift */; };
		FC907D7D37489307F2606C98 /* Pods_AWSCoffee.framework in Frameworks */ = {isa = PBXBuildFile; fileRef = 752E9A0E18AF747816C967A9 /* Pods_AWSCoffee.framework */; };
/* End PBXBuildFile section */

/* Begin PBXFileReference section */
		752E9A0E18AF747816C967A9 /* Pods_AWSCoffee.framework */ = {isa = PBXFileReference; explicitFileType = wrapper.framework; includeInIndex = 0; path = Pods_AWSCoffee.framework; sourceTree = BUILT_PRODUCTS_DIR; };
		75662F8737EE6B432422B0FE /* Pods-AWSCoffee.debug.xcconfig */ = {isa = PBXFileReference; includeInIndex = 1; lastKnownFileType = text.xcconfig; name = "Pods-AWSCoffee.debug.xcconfig"; path = "Pods/Target Support Files/Pods-AWSCoffee/Pods-AWSCoffee.debug.xcconfig"; sourceTree = "<group>"; };
		A7B92C5F48F9755B899D77BF /* Pods-AWSCoffee.release.xcconfig */ = {isa = PBXFileReference; includeInIndex = 1; lastKnownFileType = text.xcconfig; name = "Pods-AWSCoffee.release.xcconfig"; path = "Pods/Target Support Files/Pods-AWSCoffee/Pods-AWSCoffee.release.xcconfig"; sourceTree = "<group>"; };
		AD39CCDD20D74469004C594A /* AWSCoffee.app */ = {isa = PBXFileReference; explicitFileType = wrapper.application; includeInIndex = 0; path = AWSCoffee.app; sourceTree = BUILT_PRODUCTS_DIR; };
		AD39CCE020D74469004C594A /* AppDelegate.swift */ = {isa = PBXFileReference; lastKnownFileType = sourcecode.swift; path = AppDelegate.swift; sourceTree = "<group>"; };
		AD39CCE220D74469004C594A /* ViewController.swift */ = {isa = PBXFileReference; lastKnownFileType = sourcecode.swift; path = ViewController.swift; sourceTree = "<group>"; };
		AD39CCE520D74469004C594A /* Base */ = {isa = PBXFileReference; lastKnownFileType = file.storyboard; name = Base; path = Base.lproj/Main.storyboard; sourceTree = "<group>"; };
		AD39CCE720D7446B004C594A /* Assets.xcassets */ = {isa = PBXFileReference; lastKnownFileType = folder.assetcatalog; path = Assets.xcassets; sourceTree = "<group>"; };
		AD39CCEA20D7446B004C594A /* Base */ = {isa = PBXFileReference; lastKnownFileType = file.storyboard; name = Base; path = Base.lproj/LaunchScreen.storyboard; sourceTree = "<group>"; };
		AD39CCEC20D7446B004C594A /* Info.plist */ = {isa = PBXFileReference; lastKnownFileType = text.plist.xml; path = Info.plist; sourceTree = "<group>"; };
		AD39CCF720D7473A004C594A /* ACTabBarController.swift */ = {isa = PBXFileReference; lastKnownFileType = sourcecode.swift; path = ACTabBarController.swift; sourceTree = "<group>"; };
		AD39CCF920D747D6004C594A /* ShoppingCart.storyboard */ = {isa = PBXFileReference; lastKnownFileType = file.storyboard; path = ShoppingCart.storyboard; sourceTree = "<group>"; };
		AD39CCFB20D747E9004C594A /* OrderList.storyboard */ = {isa = PBXFileReference; lastKnownFileType = file.storyboard; path = OrderList.storyboard; sourceTree = "<group>"; };
		AD39CCFF20D7485B004C594A /* ShoppingCartViewController.swift */ = {isa = PBXFileReference; lastKnownFileType = sourcecode.swift; path = ShoppingCartViewController.swift; sourceTree = "<group>"; };
		AD39CD0120D74874004C594A /* OrderListViewController.swift */ = {isa = PBXFileReference; lastKnownFileType = sourcecode.swift; path = OrderListViewController.swift; sourceTree = "<group>"; };
		AD39CD0520D74D2A004C594A /* StackItemView.xib */ = {isa = PBXFileReference; lastKnownFileType = file.xib; path = StackItemView.xib; sourceTree = "<group>"; };
		AD39CD0720D74D58004C594A /* StackItemView.swift */ = {isa = PBXFileReference; lastKnownFileType = sourcecode.swift; path = StackItemView.swift; sourceTree = "<group>"; };
		AD39CD0920D75230004C594A /* StackItemViewController.swift */ = {isa = PBXFileReference; lastKnownFileType = sourcecode.swift; path = StackItemViewController.swift; sourceTree = "<group>"; };
		AD39CD0C20D754E9004C594A /* FirebaseManager.swift */ = {isa = PBXFileReference; lastKnownFileType = sourcecode.swift; path = FirebaseManager.swift; sourceTree = "<group>"; };
		AD39CD0E20D75737004C594A /* FirebaseModel.swift */ = {isa = PBXFileReference; lastKnownFileType = sourcecode.swift; path = FirebaseModel.swift; sourceTree = "<group>"; };
		AD39CD1020D758AE004C594A /* GoogleService-Info.plist */ = {isa = PBXFileReference; fileEncoding = 4; lastKnownFileType = text.plist.xml; path = "GoogleService-Info.plist"; sourceTree = "<group>"; };
		AD39CD1320D7691E004C594A /* OrderItemTableViewCell.swift */ = {isa = PBXFileReference; lastKnownFileType = sourcecode.swift; path = OrderItemTableViewCell.swift; sourceTree = "<group>"; };
		AD39CD1420D7691E004C594A /* OrderItemTableViewCell.xib */ = {isa = PBXFileReference; lastKnownFileType = file.xib; path = OrderItemTableViewCell.xib; sourceTree = "<group>"; };
		AD39CD1820D76F96004C594A /* ACTableViewController.swift */ = {isa = PBXFileReference; lastKnownFileType = sourcecode.swift; path = ACTableViewController.swift; sourceTree = "<group>"; };
		AD39CD1A20D77011004C594A /* ACTableViewCellEnum.swift */ = {isa = PBXFileReference; lastKnownFileType = sourcecode.swift; path = ACTableViewCellEnum.swift; sourceTree = "<group>"; };
		AD39CD1D20D77B5F004C594A /* OrderItemsModelManager.swift */ = {isa = PBXFileReference; lastKnownFileType = sourcecode.swift; path = OrderItemsModelManager.swift; sourceTree = "<group>"; };
		AD39CD2120D781DF004C594A /* OrderListTableViewCell.swift */ = {isa = PBXFileReference; lastKnownFileType = sourcecode.swift; path = OrderListTableViewCell.swift; sourceTree = "<group>"; };
		AD39CD2220D781DF004C594A /* OrderListTableViewCell.xib */ = {isa = PBXFileReference; lastKnownFileType = file.xib; path = OrderListTableViewCell.xib; sourceTree = "<group>"; };
		AD39CD2620D78A0B004C594A /* CalculatedOrderModel.swift */ = {isa = PBXFileReference; lastKnownFileType = sourcecode.swift; path = CalculatedOrderModel.swift; sourceTree = "<group>"; };
/* End PBXFileReference section */

/* Begin PBXFrameworksBuildPhase section */
		AD39CCDA20D74469004C594A /* Frameworks */ = {
			isa = PBXFrameworksBuildPhase;
			buildActionMask = 2147483647;
			files = (
				FC907D7D37489307F2606C98 /* Pods_AWSCoffee.framework in Frameworks */,
			);
			runOnlyForDeploymentPostprocessing = 0;
		};
/* End PBXFrameworksBuildPhase section */

/* Begin PBXGroup section */
		6DBB539AA9EB4F04BFA94202 /* Pods */ = {
			isa = PBXGroup;
			children = (
				75662F8737EE6B432422B0FE /* Pods-AWSCoffee.debug.xcconfig */,
				A7B92C5F48F9755B899D77BF /* Pods-AWSCoffee.release.xcconfig */,
			);
			name = Pods;
			sourceTree = "<group>";
		};
		AD39CCD420D74469004C594A = {
			isa = PBXGroup;
			children = (
				AD39CCDF20D74469004C594A /* AWSCoffee */,
				AD39CCDE20D74469004C594A /* Products */,
				6DBB539AA9EB4F04BFA94202 /* Pods */,
				C4119C10F521C8D0FFC0B253 /* Frameworks */,
			);
			sourceTree = "<group>";
		};
		AD39CCDE20D74469004C594A /* Products */ = {
			isa = PBXGroup;
			children = (
				AD39CCDD20D74469004C594A /* AWSCoffee.app */,
			);
			name = Products;
			sourceTree = "<group>";
		};
		AD39CCDF20D74469004C594A /* AWSCoffee */ = {
			isa = PBXGroup;
			children = (
				AD39CCF520D74628004C594A /* StoryBoards */,
				AD39CCF420D7460F004C594A /* Model */,
				AD39CCF320D7460A004C594A /* View */,
				AD39CCF220D74603004C594A /* Controller */,
				AD39CCE020D74469004C594A /* AppDelegate.swift */,
				AD39CCE220D74469004C594A /* ViewController.swift */,
				AD39CCE720D7446B004C594A /* Assets.xcassets */,
				AD39CCE920D7446B004C594A /* LaunchScreen.storyboard */,
				AD39CD1020D758AE004C594A /* GoogleService-Info.plist */,
				AD39CCEC20D7446B004C594A /* Info.plist */,
			);
			path = AWSCoffee;
			sourceTree = "<group>";
		};
		AD39CCF220D74603004C594A /* Controller */ = {
			isa = PBXGroup;
			children = (
				AD39CD1720D76F5F004C594A /* ACTableViewController */,
				AD39CD0420D74CFE004C594A /* StackItemViewController */,
				AD39CCFE20D74836004C594A /* OrderListController */,
				AD39CCFD20D74824004C594A /* ShoppingCartController */,
				AD39CCF620D746F0004C594A /* TabbarController */,
			);
			path = Controller;
			sourceTree = "<group>";
		};
		AD39CCF320D7460A004C594A /* View */ = {
			isa = PBXGroup;
			children = (
				AD39CD2020D781BF004C594A /* OrderListTableViewCell */,
				AD39CD1220D768DE004C594A /* OrderItemView */,
				AD39CD0320D74CF9004C594A /* StackItemView */,
			);
			path = View;
			sourceTree = "<group>";
		};
		AD39CCF420D7460F004C594A /* Model */ = {
			isa = PBXGroup;
			children = (
				AD39CD2520D789EA004C594A /* CalculatedOrderModel */,
				AD39CD1C20D77B39004C594A /* OrderItemsModelManager */,
				AD39CD0B20D75493004C594A /* Firebase */,
			);
			path = Model;
			sourceTree = "<group>";
		};
		AD39CCF520D74628004C594A /* StoryBoards */ = {
			isa = PBXGroup;
			children = (
				AD39CCE420D74469004C594A /* Main.storyboard */,
				AD39CCF920D747D6004C594A /* ShoppingCart.storyboard */,
				AD39CCFB20D747E9004C594A /* OrderList.storyboard */,
			);
			path = StoryBoards;
			sourceTree = "<group>";
		};
		AD39CCF620D746F0004C594A /* TabbarController */ = {
			isa = PBXGroup;
			children = (
				AD39CCF720D7473A004C594A /* ACTabBarController.swift */,
			);
			path = TabbarController;
			sourceTree = "<group>";
		};
		AD39CCFD20D74824004C594A /* ShoppingCartController */ = {
			isa = PBXGroup;
			children = (
				AD39CCFF20D7485B004C594A /* ShoppingCartViewController.swift */,
			);
			path = ShoppingCartController;
			sourceTree = "<group>";
		};
		AD39CCFE20D74836004C594A /* OrderListController */ = {
			isa = PBXGroup;
			children = (
				AD39CD0120D74874004C594A /* OrderListViewController.swift */,
			);
			path = OrderListController;
			sourceTree = "<group>";
		};
		AD39CD0320D74CF9004C594A /* StackItemView */ = {
			isa = PBXGroup;
			children = (
				AD39CD0520D74D2A004C594A /* StackItemView.xib */,
				AD39CD0720D74D58004C594A /* StackItemView.swift */,
			);
			path = StackItemView;
			sourceTree = "<group>";
		};
		AD39CD0420D74CFE004C594A /* StackItemViewController */ = {
			isa = PBXGroup;
			children = (
				AD39CD0920D75230004C594A /* StackItemViewController.swift */,
			);
			path = StackItemViewController;
			sourceTree = "<group>";
		};
		AD39CD0B20D75493004C594A /* Firebase */ = {
			isa = PBXGroup;
			children = (
				AD39CD0C20D754E9004C594A /* FirebaseManager.swift */,
				AD39CD0E20D75737004C594A /* FirebaseModel.swift */,
			);
			path = Firebase;
			sourceTree = "<group>";
		};
		AD39CD1220D768DE004C594A /* OrderItemView */ = {
			isa = PBXGroup;
			children = (
				AD39CD1320D7691E004C594A /* OrderItemTableViewCell.swift */,
				AD39CD1420D7691E004C594A /* OrderItemTableViewCell.xib */,
			);
			path = OrderItemView;
			sourceTree = "<group>";
		};
		AD39CD1720D76F5F004C594A /* ACTableViewController */ = {
			isa = PBXGroup;
			children = (
				AD39CD1820D76F96004C594A /* ACTableViewController.swift */,
				AD39CD1A20D77011004C594A /* ACTableViewCellEnum.swift */,
			);
			path = ACTableViewController;
			sourceTree = "<group>";
		};
		AD39CD1C20D77B39004C594A /* OrderItemsModelManager */ = {
			isa = PBXGroup;
			children = (
				AD39CD1D20D77B5F004C594A /* OrderItemsModelManager.swift */,
			);
			path = OrderItemsModelManager;
			sourceTree = "<group>";
		};
		AD39CD2020D781BF004C594A /* OrderListTableViewCell */ = {
			isa = PBXGroup;
			children = (
				AD39CD2120D781DF004C594A /* OrderListTableViewCell.swift */,
				AD39CD2220D781DF004C594A /* OrderListTableViewCell.xib */,
			);
			path = OrderListTableViewCell;
			sourceTree = "<group>";
		};
		AD39CD2520D789EA004C594A /* CalculatedOrderModel */ = {
			isa = PBXGroup;
			children = (
				AD39CD2620D78A0B004C594A /* CalculatedOrderModel.swift */,
			);
			path = CalculatedOrderModel;
			sourceTree = "<group>";
		};
		C4119C10F521C8D0FFC0B253 /* Frameworks */ = {
			isa = PBXGroup;
			children = (
				752E9A0E18AF747816C967A9 /* Pods_AWSCoffee.framework */,
			);
			name = Frameworks;
			sourceTree = "<group>";
		};
/* End PBXGroup section */

/* Begin PBXNativeTarget section */
		AD39CCDC20D74469004C594A /* AWSCoffee */ = {
			isa = PBXNativeTarget;
			buildConfigurationList = AD39CCEF20D7446B004C594A /* Build configuration list for PBXNativeTarget "AWSCoffee" */;
			buildPhases = (
				99336C364466B09CC3EB9154 /* [CP] Check Pods Manifest.lock */,
				AD39CCD920D74469004C594A /* Sources */,
				AD39CCDA20D74469004C594A /* Frameworks */,
				AD39CCDB20D74469004C594A /* Resources */,
				454C1F3745284DAD96E6F454 /* [CP] Embed Pods Frameworks */,
			);
			buildRules = (
			);
			dependencies = (
			);
			name = AWSCoffee;
			productName = AWSCoffee;
			productReference = AD39CCDD20D74469004C594A /* AWSCoffee.app */;
			productType = "com.apple.product-type.application";
		};
/* End PBXNativeTarget section */

/* Begin PBXProject section */
		AD39CCD520D74469004C594A /* Project object */ = {
			isa = PBXProject;
			attributes = {
				LastSwiftUpdateCheck = 0930;
				LastUpgradeCheck = 0930;
				ORGANIZATIONNAME = "Kevin Liao";
				TargetAttributes = {
					AD39CCDC20D74469004C594A = {
						CreatedOnToolsVersion = 9.3;
					};
				};
			};
			buildConfigurationList = AD39CCD820D74469004C594A /* Build configuration list for PBXProject "AWSCoffee" */;
			compatibilityVersion = "Xcode 9.3";
			developmentRegion = en;
			hasScannedForEncodings = 0;
			knownRegions = (
				en,
				Base,
			);
			mainGroup = AD39CCD420D74469004C594A;
			productRefGroup = AD39CCDE20D74469004C594A /* Products */;
			projectDirPath = "";
			projectRoot = "";
			targets = (
				AD39CCDC20D74469004C594A /* AWSCoffee */,
			);
		};
/* End PBXProject section */

/* Begin PBXResourcesBuildPhase section */
		AD39CCDB20D74469004C594A /* Resources */ = {
			isa = PBXResourcesBuildPhase;
			buildActionMask = 2147483647;
			files = (
				AD39CCFA20D747D6004C594A /* ShoppingCart.storyboard in Resources */,
				AD39CD1620D7691E004C594A /* OrderItemTableViewCell.xib in Resources */,
				AD39CD1120D758AE004C594A /* GoogleService-Info.plist in Resources */,
				AD39CCEB20D7446B004C594A /* LaunchScreen.storyboard in Resources */,
				AD39CD2420D781DF004C594A /* OrderListTableViewCell.xib in Resources */,
				AD39CD0620D74D2A004C594A /* StackItemView.xib in Resources */,
				AD39CCE820D7446B004C594A /* Assets.xcassets in Resources */,
				AD39CCFC20D747E9004C594A /* OrderList.storyboard in Resources */,
				AD39CCE620D74469004C594A /* Main.storyboard in Resources */,
			);
			runOnlyForDeploymentPostprocessing = 0;
		};
/* End PBXResourcesBuildPhase section */

/* Begin PBXShellScriptBuildPhase section */
		454C1F3745284DAD96E6F454 /* [CP] Embed Pods Frameworks */ = {
			isa = PBXShellScriptBuildPhase;
			buildActionMask = 2147483647;
			files = (
			);
			inputPaths = (
				"${SRCROOT}/Pods/Target Support Files/Pods-AWSCoffee/Pods-AWSCoffee-frameworks.sh",
				"${BUILT_PRODUCTS_DIR}/GoogleToolboxForMac/GoogleToolboxForMac.framework",
				"${BUILT_PRODUCTS_DIR}/LTHRadioButton/LTHRadioButton.framework",
				"${BUILT_PRODUCTS_DIR}/SDWebImage/SDWebImage.framework",
				"${BUILT_PRODUCTS_DIR}/leveldb-library/leveldb.framework",
				"${BUILT_PRODUCTS_DIR}/nanopb/nanopb.framework",
			);
			name = "[CP] Embed Pods Frameworks";
			outputPaths = (
				"${TARGET_BUILD_DIR}/${FRAMEWORKS_FOLDER_PATH}/GoogleToolboxForMac.framework",
				"${TARGET_BUILD_DIR}/${FRAMEWORKS_FOLDER_PATH}/LTHRadioButton.framework",
				"${TARGET_BUILD_DIR}/${FRAMEWORKS_FOLDER_PATH}/SDWebImage.framework",
				"${TARGET_BUILD_DIR}/${FRAMEWORKS_FOLDER_PATH}/leveldb.framework",
				"${TARGET_BUILD_DIR}/${FRAMEWORKS_FOLDER_PATH}/nanopb.framework",
			);
			runOnlyForDeploymentPostprocessing = 0;
			shellPath = /bin/sh;
			shellScript = "\"${SRCROOT}/Pods/Target Support Files/Pods-AWSCoffee/Pods-AWSCoffee-frameworks.sh\"\n";
			showEnvVarsInLog = 0;
		};
		99336C364466B09CC3EB9154 /* [CP] Check Pods Manifest.lock */ = {
			isa = PBXShellScriptBuildPhase;
			buildActionMask = 2147483647;
			files = (
			);
			inputPaths = (
				"${PODS_PODFILE_DIR_PATH}/Podfile.lock",
				"${PODS_ROOT}/Manifest.lock",
			);
			name = "[CP] Check Pods Manifest.lock";
			outputPaths = (
				"$(DERIVED_FILE_DIR)/Pods-AWSCoffee-checkManifestLockResult.txt",
			);
			runOnlyForDeploymentPostprocessing = 0;
			shellPath = /bin/sh;
			shellScript = "diff \"${PODS_PODFILE_DIR_PATH}/Podfile.lock\" \"${PODS_ROOT}/Manifest.lock\" > /dev/null\nif [ $? != 0 ] ; then\n    # print error to STDERR\n    echo \"error: The sandbox is not in sync with the Podfile.lock. Run 'pod install' or update your CocoaPods installation.\" >&2\n    exit 1\nfi\n# This output is used by Xcode 'outputs' to avoid re-running this script phase.\necho \"SUCCESS\" > \"${SCRIPT_OUTPUT_FILE_0}\"\n";
			showEnvVarsInLog = 0;
		};
/* End PBXShellScriptBuildPhase section */

/* Begin PBXSourcesBuildPhase section */
		AD39CCD920D74469004C594A /* Sources */ = {
			isa = PBXSourcesBuildPhase;
			buildActionMask = 2147483647;
			files = (
				AD39CD0F20D75737004C594A /* FirebaseModel.swift in Sources */,
				AD39CD1520D7691E004C594A /* OrderItemTableViewCell.swift in Sources */,
				AD39CD0820D74D58004C594A /* StackItemView.swift in Sources */,
				AD39CD0220D74874004C594A /* OrderListViewController.swift in Sources */,
				AD39CD2320D781DF004C594A /* OrderListTableViewCell.swift in Sources */,
				AD39CD0020D7485B004C594A /* ShoppingCartViewController.swift in Sources */,
				AD39CD1920D76F96004C594A /* ACTableViewController.swift in Sources */,
				AD39CD0A20D75230004C594A /* StackItemViewController.swift in Sources */,
				AD39CD0D20D754E9004C594A /* FirebaseManager.swift in Sources */,
				AD39CD2720D78A0B004C594A /* CalculatedOrderModel.swift in Sources */,
				AD39CD1B20D77011004C594A /* ACTableViewCellEnum.swift in Sources */,
				AD39CCE320D74469004C594A /* ViewController.swift in Sources */,
				AD39CD1E20D77B5F004C594A /* OrderItemsModelManager.swift in Sources */,
				AD39CCF820D7473A004C594A /* ACTabBarController.swift in Sources */,
				AD39CCE120D74469004C594A /* AppDelegate.swift in Sources */,
			);
			runOnlyForDeploymentPostprocessing = 0;
		};
/* End PBXSourcesBuildPhase section */

/* Begin PBXVariantGroup section */
		AD39CCE420D74469004C594A /* Main.storyboard */ = {
			isa = PBXVariantGroup;
			children = (
				AD39CCE520D74469004C594A /* Base */,
			);
			name = Main.storyboard;
			sourceTree = "<group>";
		};
		AD39CCE920D7446B004C594A /* LaunchScreen.storyboard */ = {
			isa = PBXVariantGroup;
			children = (
				AD39CCEA20D7446B004C594A /* Base */,
			);
			name = LaunchScreen.storyboard;
			sourceTree = "<group>";
		};
/* End PBXVariantGroup section */

/* Begin XCBuildConfiguration section */
		AD39CCED20D7446B004C594A /* Debug */ = {
			isa = XCBuildConfiguration;
			buildSettings = {
				ALWAYS_SEARCH_USER_PATHS = NO;
				CLANG_ANALYZER_NONNULL = YES;
				CLANG_ANALYZER_NUMBER_OBJECT_CONVERSION = YES_AGGRESSIVE;
				CLANG_CXX_LANGUAGE_STANDARD = "gnu++14";
				CLANG_CXX_LIBRARY = "libc++";
				CLANG_ENABLE_MODULES = YES;
				CLANG_ENABLE_OBJC_ARC = YES;
				CLANG_ENABLE_OBJC_WEAK = YES;
				CLANG_WARN_BLOCK_CAPTURE_AUTORELEASING = YES;
				CLANG_WARN_BOOL_CONVERSION = YES;
				CLANG_WARN_COMMA = YES;
				CLANG_WARN_CONSTANT_CONVERSION = YES;
				CLANG_WARN_DEPRECATED_OBJC_IMPLEMENTATIONS = YES;
				CLANG_WARN_DIRECT_OBJC_ISA_USAGE = YES_ERROR;
				CLANG_WARN_DOCUMENTATION_COMMENTS = YES;
				CLANG_WARN_EMPTY_BODY = YES;
				CLANG_WARN_ENUM_CONVERSION = YES;
				CLANG_WARN_INFINITE_RECURSION = YES;
				CLANG_WARN_INT_CONVERSION = YES;
				CLANG_WARN_NON_LITERAL_NULL_CONVERSION = YES;
				CLANG_WARN_OBJC_IMPLICIT_RETAIN_SELF = YES;
				CLANG_WARN_OBJC_LITERAL_CONVERSION = YES;
				CLANG_WARN_OBJC_ROOT_CLASS = YES_ERROR;
				CLANG_WARN_RANGE_LOOP_ANALYSIS = YES;
				CLANG_WARN_STRICT_PROTOTYPES = YES;
				CLANG_WARN_SUSPICIOUS_MOVE = YES;
				CLANG_WARN_UNGUARDED_AVAILABILITY = YES_AGGRESSIVE;
				CLANG_WARN_UNREACHABLE_CODE = YES;
				CLANG_WARN__DUPLICATE_METHOD_MATCH = YES;
				CODE_SIGN_IDENTITY = "iPhone Developer";
				COPY_PHASE_STRIP = NO;
				DEBUG_INFORMATION_FORMAT = dwarf;
				ENABLE_STRICT_OBJC_MSGSEND = YES;
				ENABLE_TESTABILITY = YES;
				GCC_C_LANGUAGE_STANDARD = gnu11;
				GCC_DYNAMIC_NO_PIC = NO;
				GCC_NO_COMMON_BLOCKS = YES;
				GCC_OPTIMIZATION_LEVEL = 0;
				GCC_PREPROCESSOR_DEFINITIONS = (
					"DEBUG=1",
					"$(inherited)",
				);
				GCC_WARN_64_TO_32_BIT_CONVERSION = YES;
				GCC_WARN_ABOUT_RETURN_TYPE = YES_ERROR;
				GCC_WARN_UNDECLARED_SELECTOR = YES;
				GCC_WARN_UNINITIALIZED_AUTOS = YES_AGGRESSIVE;
				GCC_WARN_UNUSED_FUNCTION = YES;
				GCC_WARN_UNUSED_VARIABLE = YES;
				IPHONEOS_DEPLOYMENT_TARGET = 11.3;
				MTL_ENABLE_DEBUG_INFO = YES;
				ONLY_ACTIVE_ARCH = YES;
				SDKROOT = iphoneos;
				SWIFT_ACTIVE_COMPILATION_CONDITIONS = DEBUG;
				SWIFT_OPTIMIZATION_LEVEL = "-Onone";
			};
			name = Debug;
		};
		AD39CCEE20D7446B004C594A /* Release */ = {
			isa = XCBuildConfiguration;
			buildSettings = {
				ALWAYS_SEARCH_USER_PATHS = NO;
				CLANG_ANALYZER_NONNULL = YES;
				CLANG_ANALYZER_NUMBER_OBJECT_CONVERSION = YES_AGGRESSIVE;
				CLANG_CXX_LANGUAGE_STANDARD = "gnu++14";
				CLANG_CXX_LIBRARY = "libc++";
				CLANG_ENABLE_MODULES = YES;
				CLANG_ENABLE_OBJC_ARC = YES;
				CLANG_ENABLE_OBJC_WEAK = YES;
				CLANG_WARN_BLOCK_CAPTURE_AUTORELEASING = YES;
				CLANG_WARN_BOOL_CONVERSION = YES;
				CLANG_WARN_COMMA = YES;
				CLANG_WARN_CONSTANT_CONVERSION = YES;
				CLANG_WARN_DEPRECATED_OBJC_IMPLEMENTATIONS = YES;
				CLANG_WARN_DIRECT_OBJC_ISA_USAGE = YES_ERROR;
				CLANG_WARN_DOCUMENTATION_COMMENTS = YES;
				CLANG_WARN_EMPTY_BODY = YES;
				CLANG_WARN_ENUM_CONVERSION = YES;
				CLANG_WARN_INFINITE_RECURSION = YES;
				CLANG_WARN_INT_CONVERSION = YES;
				CLANG_WARN_NON_LITERAL_NULL_CONVERSION = YES;
				CLANG_WARN_OBJC_IMPLICIT_RETAIN_SELF = YES;
				CLANG_WARN_OBJC_LITERAL_CONVERSION = YES;
				CLANG_WARN_OBJC_ROOT_CLASS = YES_ERROR;
				CLANG_WARN_RANGE_LOOP_ANALYSIS = YES;
				CLANG_WARN_STRICT_PROTOTYPES = YES;
				CLANG_WARN_SUSPICIOUS_MOVE = YES;
				CLANG_WARN_UNGUARDED_AVAILABILITY = YES_AGGRESSIVE;
				CLANG_WARN_UNREACHABLE_CODE = YES;
				CLANG_WARN__DUPLICATE_METHOD_MATCH = YES;
				CODE_SIGN_IDENTITY = "iPhone Developer";
				COPY_PHASE_STRIP = NO;
				DEBUG_INFORMATION_FORMAT = "dwarf-with-dsym";
				ENABLE_NS_ASSERTIONS = NO;
				ENABLE_STRICT_OBJC_MSGSEND = YES;
				GCC_C_LANGUAGE_STANDARD = gnu11;
				GCC_NO_COMMON_BLOCKS = YES;
				GCC_WARN_64_TO_32_BIT_CONVERSION = YES;
				GCC_WARN_ABOUT_RETURN_TYPE = YES_ERROR;
				GCC_WARN_UNDECLARED_SELECTOR = YES;
				GCC_WARN_UNINITIALIZED_AUTOS = YES_AGGRESSIVE;
				GCC_WARN_UNUSED_FUNCTION = YES;
				GCC_WARN_UNUSED_VARIABLE = YES;
				IPHONEOS_DEPLOYMENT_TARGET = 11.3;
				MTL_ENABLE_DEBUG_INFO = NO;
				SDKROOT = iphoneos;
				SWIFT_COMPILATION_MODE = wholemodule;
				SWIFT_OPTIMIZATION_LEVEL = "-O";
				VALIDATE_PRODUCT = YES;
			};
			name = Release;
		};
		AD39CCF020D7446B004C594A /* Debug */ = {
			isa = XCBuildConfiguration;
			baseConfigurationReference = 75662F8737EE6B432422B0FE /* Pods-AWSCoffee.debug.xcconfig */;
			buildSettings = {
				ASSETCATALOG_COMPILER_APPICON_NAME = AppIcon;
				CODE_SIGN_STYLE = Automatic;
				DEVELOPMENT_TEAM = KLL3688WWP;
				INFOPLIST_FILE = AWSCoffee/Info.plist;
				LD_RUNPATH_SEARCH_PATHS = (
					"$(inherited)",
					"@executable_path/Frameworks",
				);
				PRODUCT_BUNDLE_IDENTIFIER = com.AWSCoffee.KevinLaio;
				PRODUCT_NAME = "$(TARGET_NAME)";
				SWIFT_VERSION = 4.0;
				TARGETED_DEVICE_FAMILY = "1,2";
			};
			name = Debug;
		};
		AD39CCF120D7446B004C594A /* Release */ = {
			isa = XCBuildConfiguration;
			baseConfigurationReference = A7B92C5F48F9755B899D77BF /* Pods-AWSCoffee.release.xcconfig */;
			buildSettings = {
				ASSETCATALOG_COMPILER_APPICON_NAME = AppIcon;
				CODE_SIGN_STYLE = Automatic;
				DEVELOPMENT_TEAM = KLL3688WWP;
				INFOPLIST_FILE = AWSCoffee/Info.plist;
				LD_RUNPATH_SEARCH_PATHS = (
					"$(inherited)",
					"@executable_path/Frameworks",
				);
				PRODUCT_BUNDLE_IDENTIFIER = com.AWSCoffee.KevinLaio;
				PRODUCT_NAME = "$(TARGET_NAME)";
				SWIFT_VERSION = 4.0;
				TARGETED_DEVICE_FAMILY = "1,2";
			};
			name = Release;
		};
/* End XCBuildConfiguration section */

/* Begin XCConfigurationList section */
		AD39CCD820D74469004C594A /* Build configuration list for PBXProject "AWSCoffee" */ = {
			isa = XCConfigurationList;
			buildConfigurations = (
				AD39CCED20D7446B004C594A /* Debug */,
				AD39CCEE20D7446B004C594A /* Release */,
			);
			defaultConfigurationIsVisible = 0;
			defaultConfigurationName = Release;
		};
		AD39CCEF20D7446B004C594A /* Build configuration list for PBXNativeTarget "AWSCoffee" */ = {
			isa = XCConfigurationList;
			buildConfigurations = (
				AD39CCF020D7446B004C594A /* Debug */,
				AD39CCF120D7446B004C594A /* Release */,
			);
			defaultConfigurationIsVisible = 0;
			defaultConfigurationName = Release;
		};
/* End XCConfigurationList section */
	};
	rootObject = AD39CCD520D74469004C594A /* Project object */;
}
